
Microsoft Visual Studio Solution File, Format Version 12.00
# Visual Studio Version 17
VisualStudioVersion = 17.3.32922.545
MinimumVisualStudioVersion = 10.0.40219.1
Project("{9A19103F-16F7-4668-BE54-9A1E7A4F7556}") = "AuthenticationAPI", "AuthenticationAPI\AuthenticationAPI.csproj", "{ED37F7A4-5C88-4696-82DF-9436493953FD}"
EndProject
Project("{9A19103F-16F7-4668-BE54-9A1E7A4F7556}") = "AuthenticationAPI.Data", "AuthenticationAPI.Data\AuthenticationAPI.Data.csproj", "{D2BE361E-A27B-4BCA-A0C2-D2C972827130}"
EndProject
Project("{9A19103F-16F7-4668-BE54-9A1E7A4F7556}") = "AuthenticationAPI.Domain", "AuthenticationAPI.Domain\AuthenticationAPI.Domain.csproj", "{DD85BBD8-B3B1-48B8-95B2-BDFCA3859108}"
EndProject
Project("{9A19103F-16F7-4668-BE54-9A1E7A4F7556}") = "AuthenticationAPI.BusinessLogic", "AuthenticationAPI.BusinessLogic\AuthenticationAPI.BusinessLogic.csproj", "{36006A1B-BDBA-4EA6-93C6-BDEBE154984F}"
EndProject
Project("{FAE04EC0-301F-11D3-BF4B-00C04F79EFBC}") = "AuthenticationAPI.Core", "AuthenticationAPI.Core\AuthenticationAPI.Core.csproj", "{BC8FB68F-E40D-443D-879A-C8F228983A24}"
EndProject
Project("{FAE04EC0-301F-11D3-BF4B-00C04F79EFBC}") = "AuthenticationAPI.Infrastructure", "AuthenticationAPI.Infrastructure\AuthenticationAPI.Infrastructure.csproj", "{68D3B2F2-2434-412C-ABE0-57875FAB2B15}"
EndProject
Project("{FAE04EC0-301F-11D3-BF4B-00C04F79EFBC}") = "DemoWeb", "DemoWeb\DemoWeb.csproj", "{530E2CDE-658A-4324-9371-A946B4D920F3}"
EndProject
Global
	GlobalSection(SolutionConfigurationPlatforms) = preSolution
		Debug|Any CPU = Debug|Any CPU
		Release|Any CPU = Release|Any CPU
	EndGlobalSection
	GlobalSection(ProjectConfigurationPlatforms) = postSolution
		{ED37F7A4-5C88-4696-82DF-9436493953FD}.Debug|Any CPU.ActiveCfg = Debug|Any CPU
		{ED37F7A4-5C88-4696-82DF-9436493953FD}.Debug|Any CPU.Build.0 = Debug|Any CPU
		{ED37F7A4-5C88-4696-82DF-9436493953FD}.Release|Any CPU.ActiveCfg = Release|Any CPU
		{ED37F7A4-5C88-4696-82DF-9436493953FD}.Release|Any CPU.Build.0 = Release|Any CPU
		{D2BE361E-A27B-4BCA-A0C2-D2C972827130}.Debug|Any CPU.ActiveCfg = Debug|Any CPU
		{D2BE361E-A27B-4BCA-A0C2-D2C972827130}.Debug|Any CPU.Build.0 = Debug|Any CPU
		{D2BE361E-A27B-4BCA-A0C2-D2C972827130}.Release|Any CPU.ActiveCfg = Release|Any CPU
		{D2BE361E-A27B-4BCA-A0C2-D2C972827130}.Release|Any CPU.Build.0 = Release|Any CPU
		{DD85BBD8-B3B1-48B8-95B2-BDFCA3859108}.Debug|Any CPU.ActiveCfg = Debug|Any CPU
		{DD85BBD8-B3B1-48B8-95B2-BDFCA3859108}.Debug|Any CPU.Build.0 = Debug|Any CPU
		{DD85BBD8-B3B1-48B8-95B2-BDFCA3859108}.Release|Any CPU.ActiveCfg = Release|Any CPU
		{DD85BBD8-B3B1-48B8-95B2-BDFCA3859108}.Release|Any CPU.Build.0 = Release|Any CPU
		{36006A1B-BDBA-4EA6-93C6-BDEBE154984F}.Debug|Any CPU.ActiveCfg = Debug|Any CPU
		{36006A1B-BDBA-4EA6-93C6-BDEBE154984F}.Debug|Any CPU.Build.0 = Debug|Any CPU
		{36006A1B-BDBA-4EA6-93C6-BDEBE154984F}.Release|Any CPU.ActiveCfg = Release|Any CPU
		{36006A1B-BDBA-4EA6-93C6-BDEBE154984F}.Release|Any CPU.Build.0 = Release|Any CPU
		{BC8FB68F-E40D-443D-879A-C8F228983A24}.Debug|Any CPU.ActiveCfg = Debug|Any CPU
		{BC8FB68F-E40D-443D-879A-C8F228983A24}.Debug|Any CPU.Build.0 = Debug|Any CPU
		{BC8FB68F-E40D-443D-879A-C8F228983A24}.Release|Any CPU.ActiveCfg = Release|Any CPU
		{BC8FB68F-E40D-443D-879A-C8F228983A24}.Release|Any CPU.Build.0 = Release|Any CPU
		{68D3B2F2-2434-412C-ABE0-57875FAB2B15}.Debug|Any CPU.ActiveCfg = Debug|Any CPU
		{68D3B2F2-2434-412C-ABE0-57875FAB2B15}.Debug|Any CPU.Build.0 = Debug|Any CPU
		{68D3B2F2-2434-412C-ABE0-57875FAB2B15}.Release|Any CPU.ActiveCfg = Release|Any CPU
		{68D3B2F2-2434-412C-ABE0-57875FAB2B15}.Release|Any CPU.Build.0 = Release|Any CPU
		{530E2CDE-658A-4324-9371-A946B4D920F3}.Debug|Any CPU.ActiveCfg = Debug|Any CPU
		{530E2CDE-658A-4324-9371-A946B4D920F3}.Debug|Any CPU.Build.0 = Debug|Any CPU
		{530E2CDE-658A-4324-9371-A946B4D920F3}.Release|Any CPU.ActiveCfg = Release|Any CPU
		{530E2CDE-658A-4324-9371-A946B4D920F3}.Release|Any CPU.Build.0 = Release|Any CPU
	EndGlobalSection
	GlobalSection(SolutionProperties) = preSolution
		HideSolutionNode = FALSE
	EndGlobalSection
	GlobalSection(ExtensibilityGlobals) = postSolution
		SolutionGuid = {9BAFAA28-DACD-4972-8FCF-C278F767D1B0}
	EndGlobalSection
EndGlobal
